# This file was autogenerated by Stack.
# You should not edit this file by hand.
# For more information, please see the documentation at:
#   https://docs.haskellstack.org/en/stable/lock_files

packages:
- completed:
    commit: a5010b352febf68606612ddf8b8a3142eaad7db1
    git: https://github.com/dixonary/tasty-reporter-muffled
    name: tasty-reporter-muffled
    pantry-tree:
      sha256: b616f5ba2779012188fd189d187ea2b9405db99d13d531bf315e0eed73c7417b
      size: 540
    version: 0.1.0.0
  original:
    commit: a5010b352febf68606612ddf8b8a3142eaad7db1
    git: https://github.com/dixonary/tasty-reporter-muffled
snapshots:
- completed:
    sha256: 2d580e973dc1a5ff70cd2bb1248613f835829b38eed5db5dafc3615a22cb1bcd
    size: 679292
    url: https://raw.githubusercontent.com/commercialhaskell/stackage-snapshots/master/lts/23/5.yaml
  original:
    url: https://raw.githubusercontent.com/commercialhaskell/stackage-snapshots/master/lts/23/5.yaml
